<?xml version="1.0" encoding="utf-8"?>
<Project ToolsVersion="4.0" xmlns="http://schemas.microsoft.com/developer/msbuild/2003">
  <ItemGroup>
    <Filter Include="ソース ファイル">
      <UniqueIdentifier>{4FC737F1-C7A5-4376-A066-2A32D752A2FF}</UniqueIdentifier>
      <Extensions>cpp;c;cc;cxx;def;odl;idl;hpj;bat;asm;asmx</Extensions>
    </Filter>
    <Filter Include="ヘッダー ファイル">
      <UniqueIdentifier>{93995380-89BD-4b04-88EB-625FBE52EBFB}</UniqueIdentifier>
      <Extensions>h;hh;hpp;hxx;hm;inl;inc;ipp;xsd</Extensions>
    </Filter>
    <Filter Include="リソース ファイル">
      <UniqueIdentifier>{67DA6AB6-F800-4c08-8B7A-83BB121AAD01}</UniqueIdentifier>
      <Extensions>rc;ico;cur;bmp;dlg;rc2;rct;bin;rgs;gif;jpg;jpeg;jpe;resx;tiff;tif;png;wav;mfcribbon-ms</Extensions>
    </Filter>
  </ItemGroup>
  <ItemGroup>
    <ClInclude Include="WindowInit.h">
      <Filter>ヘッダー ファイル</Filter>
    </ClInclude>
    <ClInclude Include="d3dx12.h">
      <Filter>ヘッダー ファイル</Filter>
    </ClInclude>
    <ClInclude Include="constance.h">
      <Filter>ヘッダー ファイル</Filter>
    </ClInclude>
    <ClInclude Include="WICTextureLoader\WICTextureLoader.h">
      <Filter>ヘッダー ファイル</Filter>
    </ClInclude>
    <ClInclude Include="WICTextureLoader\WICTextureLoader12.h">
      <Filter>ヘッダー ファイル</Filter>
    </ClInclude>
    <ClInclude Include="WhiteTexture\WhiteTextureManager.h">
      <Filter>ヘッダー ファイル</Filter>
    </ClInclude>
    <ClInclude Include="PostProsess\PostProsessManager.h">
      <Filter>ヘッダー ファイル</Filter>
    </ClInclude>
    <ClInclude Include="Loder\bmpLoder\BMP_Loader.h">
      <Filter>ヘッダー ファイル</Filter>
    </ClInclude>
    <ClInclude Include="Loder\FBX\FBXLoader.h">
      <Filter>ヘッダー ファイル</Filter>
    </ClInclude>
    <ClInclude Include="Loder\TGALoader\TGALoader.h">
      <Filter>ヘッダー ファイル</Filter>
    </ClInclude>
    <ClInclude Include="Layer\Layer.h">
      <Filter>ヘッダー ファイル</Filter>
    </ClInclude>
    <ClInclude Include="imguiManager\imgui\imconfig.h">
      <Filter>ヘッダー ファイル</Filter>
    </ClInclude>
    <ClInclude Include="imguiManager\imgui\imgui.h">
      <Filter>ヘッダー ファイル</Filter>
    </ClInclude>
    <ClInclude Include="imguiManager\imgui\imgui_impl_dx12.h">
      <Filter>ヘッダー ファイル</Filter>
    </ClInclude>
    <ClInclude Include="imguiManager\imgui\imgui_impl_win32.h">
      <Filter>ヘッダー ファイル</Filter>
    </ClInclude>
    <ClInclude Include="imguiManager\imgui\imgui_internal.h">
      <Filter>ヘッダー ファイル</Filter>
    </ClInclude>
    <ClInclude Include="imguiManager\ImguiManager.h">
      <Filter>ヘッダー ファイル</Filter>
    </ClInclude>
    <ClInclude Include="Graphics\Graphics.h">
      <Filter>ヘッダー ファイル</Filter>
    </ClInclude>
    <ClInclude Include="GPGPUManager\GPGPUManager.h">
      <Filter>ヘッダー ファイル</Filter>
    </ClInclude>
    <ClInclude Include="GameEngine\GameEngine.h">
      <Filter>ヘッダー ファイル</Filter>
    </ClInclude>
    <ClInclude Include="Game\GameScene.h">
      <Filter>ヘッダー ファイル</Filter>
    </ClInclude>
    <ClInclude Include="FowardLayer\FowardLayerManager.h">
      <Filter>ヘッダー ファイル</Filter>
    </ClInclude>
    <ClInclude Include="DirectXManagers\comand\ComandManager.h">
      <Filter>ヘッダー ファイル</Filter>
    </ClInclude>
    <ClInclude Include="DirectXManagers\constance\ConstantManager.h">
      <Filter>ヘッダー ファイル</Filter>
    </ClInclude>
    <ClInclude Include="DirectXManagers\DepthStencil\Depth\DepthManager.h">
      <Filter>ヘッダー ファイル</Filter>
    </ClInclude>
    <ClInclude Include="DirectXManagers\Device\D3D12DeviceManager.h">
      <Filter>ヘッダー ファイル</Filter>
    </ClInclude>
    <ClInclude Include="DirectXManagers\DirectInput\DirectInputManager.h">
      <Filter>ヘッダー ファイル</Filter>
    </ClInclude>
    <ClInclude Include="DirectXManagers\DxGI\DxGIManager.h">
      <Filter>ヘッダー ファイル</Filter>
    </ClInclude>
    <ClInclude Include="DirectXManagers\FBX\FBXManager.h">
      <Filter>ヘッダー ファイル</Filter>
    </ClInclude>
    <ClInclude Include="DirectXManagers\Fence\FenceManager.h">
      <Filter>ヘッダー ファイル</Filter>
    </ClInclude>
    <ClInclude Include="DirectXManagers\GbufferRendering\GbufferRenderManager.h">
      <Filter>ヘッダー ファイル</Filter>
    </ClInclude>
    <ClInclude Include="DirectXManagers\index\IndexBufferManager.h">
      <Filter>ヘッダー ファイル</Filter>
    </ClInclude>
    <ClInclude Include="DirectXManagers\Light\DirectionalLight\DirectionalLightManager.h">
      <Filter>ヘッダー ファイル</Filter>
    </ClInclude>
    <ClInclude Include="DirectXManagers\PipelineState\PipelineStateManager.h">
      <Filter>ヘッダー ファイル</Filter>
    </ClInclude>
    <ClInclude Include="DirectXManagers\RenderTarget\RenderTargetManager.h">
      <Filter>ヘッダー ファイル</Filter>
    </ClInclude>
    <ClInclude Include="DirectXManagers\rootsignature\RootSignatureManager.h">
      <Filter>ヘッダー ファイル</Filter>
    </ClInclude>
    <ClInclude Include="DirectXManagers\Shada\CS\ComputeShadaManager.h">
      <Filter>ヘッダー ファイル</Filter>
    </ClInclude>
    <ClInclude Include="DirectXManagers\Shada\GS\GSManager.h">
      <Filter>ヘッダー ファイル</Filter>
    </ClInclude>
    <ClInclude Include="DirectXManagers\Shada\Pixcel\PixcelShadaManager.h">
      <Filter>ヘッダー ファイル</Filter>
    </ClInclude>
    <ClInclude Include="DirectXManagers\Shada\Vertex\VertexShadaManager.h">
      <Filter>ヘッダー ファイル</Filter>
    </ClInclude>
    <ClInclude Include="DirectXManagers\swapchain\SwapChainManager.h">
      <Filter>ヘッダー ファイル</Filter>
    </ClInclude>
    <ClInclude Include="DirectXManagers\Texture\TextureManager.h">
      <Filter>ヘッダー ファイル</Filter>
    </ClInclude>
    <ClInclude Include="DirectXManagers\vertex\VertexBufferManager.h">
      <Filter>ヘッダー ファイル</Filter>
    </ClInclude>
    <ClInclude Include="DepthRender\DepthRenderManager.h">
      <Filter>ヘッダー ファイル</Filter>
    </ClInclude>
    <ClInclude Include="DeferredShading\DeferredShading.h">
      <Filter>ヘッダー ファイル</Filter>
    </ClInclude>
    <ClInclude Include="DDSTextureLoader\DDSTextureLoader12.h">
      <Filter>ヘッダー ファイル</Filter>
    </ClInclude>
    <ClInclude Include="CubeMap\CubeMapManager.h">
      <Filter>ヘッダー ファイル</Filter>
    </ClInclude>
    <ClInclude Include="Camera\Manager\CameraManager.h">
      <Filter>ヘッダー ファイル</Filter>
    </ClInclude>
    <ClInclude Include="Camera\Camera.h">
      <Filter>ヘッダー ファイル</Filter>
    </ClInclude>
    <ClInclude Include="Geometori.h">
      <Filter>ヘッダー ファイル</Filter>
    </ClInclude>
    <ClInclude Include="Collider\Collider.h">
      <Filter>ヘッダー ファイル</Filter>
    </ClInclude>
    <ClInclude Include="Character\Character.h">
      <Filter>ヘッダー ファイル</Filter>
    </ClInclude>
    <ClInclude Include="Character\Player\Player.h">
      <Filter>ヘッダー ファイル</Filter>
    </ClInclude>
    <ClInclude Include="MapLevel\MapLevel.h">
      <Filter>ヘッダー ファイル</Filter>
    </ClInclude>
    <ClInclude Include="MapLevel\Tree\Tree.h">
      <Filter>ヘッダー ファイル</Filter>
    </ClInclude>
    <ClInclude Include="MapLevel\Map\Map.h">
      <Filter>ヘッダー ファイル</Filter>
    </ClInclude>
    <ClInclude Include="Character\Wolf\Wolf.h">
      <Filter>ヘッダー ファイル</Filter>
    </ClInclude>
    <ClInclude Include="Character\Cow\Cow.h">
      <Filter>ヘッダー ファイル</Filter>
    </ClInclude>
  </ItemGroup>
  <ItemGroup>
    <ClCompile Include="WinMain.cpp">
      <Filter>ソース ファイル</Filter>
    </ClCompile>
    <ClCompile Include="WindowInit.cpp">
      <Filter>ソース ファイル</Filter>
    </ClCompile>
    <ClCompile Include="WICTextureLoader\WICTextureLoader.cpp">
      <Filter>ソース ファイル</Filter>
    </ClCompile>
    <ClCompile Include="WICTextureLoader\WICTextureLoader12.cpp">
      <Filter>ソース ファイル</Filter>
    </ClCompile>
    <ClCompile Include="WhiteTexture\WhiteTextureManager.cpp">
      <Filter>ソース ファイル</Filter>
    </ClCompile>
    <ClCompile Include="PostProsess\PostProsessManager.cpp">
      <Filter>ソース ファイル</Filter>
    </ClCompile>
    <ClCompile Include="Loder\bmpLoder\BMP_Loader.cpp">
      <Filter>ソース ファイル</Filter>
    </ClCompile>
    <ClCompile Include="Loder\FBX\FBXLoader.cpp">
      <Filter>ソース ファイル</Filter>
    </ClCompile>
    <ClCompile Include="Loder\TGALoader\TGALoader.cpp">
      <Filter>ソース ファイル</Filter>
    </ClCompile>
    <ClCompile Include="Layer\Layer.cpp">
      <Filter>ソース ファイル</Filter>
    </ClCompile>
    <ClCompile Include="imguiManager\imgui\imgui.cpp">
      <Filter>ソース ファイル</Filter>
    </ClCompile>
    <ClCompile Include="imguiManager\imgui\imgui_demo.cpp">
      <Filter>ソース ファイル</Filter>
    </ClCompile>
    <ClCompile Include="imguiManager\imgui\imgui_draw.cpp">
      <Filter>ソース ファイル</Filter>
    </ClCompile>
    <ClCompile Include="imguiManager\imgui\imgui_impl_dx12.cpp">
      <Filter>ソース ファイル</Filter>
    </ClCompile>
    <ClCompile Include="imguiManager\imgui\imgui_impl_win32.cpp">
      <Filter>ソース ファイル</Filter>
    </ClCompile>
    <ClCompile Include="imguiManager\imgui\imgui_widgets.cpp">
      <Filter>ソース ファイル</Filter>
    </ClCompile>
    <ClCompile Include="imguiManager\ImguiManager.cpp">
      <Filter>ソース ファイル</Filter>
    </ClCompile>
    <ClCompile Include="Graphics\Graphics.cpp">
      <Filter>ソース ファイル</Filter>
    </ClCompile>
    <ClCompile Include="GPGPUManager\GPGPUManager.cpp">
      <Filter>ソース ファイル</Filter>
    </ClCompile>
    <ClCompile Include="GameEngine\GameEngine.cpp">
      <Filter>ソース ファイル</Filter>
    </ClCompile>
    <ClCompile Include="Game\GameScene.cpp">
      <Filter>ソース ファイル</Filter>
    </ClCompile>
    <ClCompile Include="FowardLayer\FowardLayerManager.cpp">
      <Filter>ソース ファイル</Filter>
    </ClCompile>
    <ClCompile Include="DirectXManagers\comand\ComandManager.cpp">
      <Filter>ソース ファイル</Filter>
    </ClCompile>
    <ClCompile Include="DirectXManagers\constance\ConstantManager.cpp">
      <Filter>ソース ファイル</Filter>
    </ClCompile>
    <ClCompile Include="DirectXManagers\DepthStencil\Depth\DepthManager.cpp">
      <Filter>ソース ファイル</Filter>
    </ClCompile>
    <ClCompile Include="DirectXManagers\Device\D3D12DeviceManager.cpp">
      <Filter>ソース ファイル</Filter>
    </ClCompile>
    <ClCompile Include="DirectXManagers\DirectInput\DirectInputManager.cpp">
      <Filter>ソース ファイル</Filter>
    </ClCompile>
    <ClCompile Include="DirectXManagers\DxGI\DxGIManager.cpp">
      <Filter>ソース ファイル</Filter>
    </ClCompile>
    <ClCompile Include="DirectXManagers\FBX\FBXManager.cpp">
      <Filter>ソース ファイル</Filter>
    </ClCompile>
    <ClCompile Include="DirectXManagers\Fence\FenceManager.cpp">
      <Filter>ソース ファイル</Filter>
    </ClCompile>
    <ClCompile Include="DirectXManagers\GbufferRendering\GbufferRenderManager.cpp">
      <Filter>ソース ファイル</Filter>
    </ClCompile>
    <ClCompile Include="DirectXManagers\index\IndexBufferManager.cpp">
      <Filter>ソース ファイル</Filter>
    </ClCompile>
    <ClCompile Include="DirectXManagers\Light\DirectionalLight\DirectionalLightManager.cpp">
      <Filter>ソース ファイル</Filter>
    </ClCompile>
    <ClCompile Include="DirectXManagers\PipelineState\PipelineStateManager.cpp">
      <Filter>ソース ファイル</Filter>
    </ClCompile>
    <ClCompile Include="DirectXManagers\RenderTarget\RenderTargetManager.cpp">
      <Filter>ソース ファイル</Filter>
    </ClCompile>
    <ClCompile Include="DirectXManagers\rootsignature\RootSignatureManager.cpp">
      <Filter>ソース ファイル</Filter>
    </ClCompile>
    <ClCompile Include="DirectXManagers\Shada\CS\ComputeShadaManager.cpp">
      <Filter>ソース ファイル</Filter>
    </ClCompile>
    <ClCompile Include="DirectXManagers\Shada\GS\GSManager.cpp">
      <Filter>ソース ファイル</Filter>
    </ClCompile>
    <ClCompile Include="DirectXManagers\Shada\Pixcel\PixcelShadaManager.cpp">
      <Filter>ソース ファイル</Filter>
    </ClCompile>
    <ClCompile Include="DirectXManagers\Shada\Vertex\VertexShadaManager.cpp">
      <Filter>ソース ファイル</Filter>
    </ClCompile>
    <ClCompile Include="DirectXManagers\swapchain\SwapChainManager.cpp">
      <Filter>ソース ファイル</Filter>
    </ClCompile>
    <ClCompile Include="DirectXManagers\Texture\TextureManager.cpp">
      <Filter>ソース ファイル</Filter>
    </ClCompile>
    <ClCompile Include="DirectXManagers\vertex\VertexBufferManager.cpp">
      <Filter>ソース ファイル</Filter>
    </ClCompile>
    <ClCompile Include="DepthRender\DepthRenderManager.cpp">
      <Filter>ソース ファイル</Filter>
    </ClCompile>
    <ClCompile Include="DeferredShading\DeferredShading.cpp">
      <Filter>ソース ファイル</Filter>
    </ClCompile>
    <ClCompile Include="DDSTextureLoader\DDSTextureLoader12.cpp">
      <Filter>ソース ファイル</Filter>
    </ClCompile>
    <ClCompile Include="CubeMap\CubeMapManager.cpp">
      <Filter>ソース ファイル</Filter>
    </ClCompile>
    <ClCompile Include="Camera\Manager\CameraManager.cpp">
      <Filter>ソース ファイル</Filter>
    </ClCompile>
    <ClCompile Include="Camera\Camera.cpp">
      <Filter>ソース ファイル</Filter>
    </ClCompile>
    <ClCompile Include="Geometori.cpp">
      <Filter>ソース ファイル</Filter>
    </ClCompile>
    <ClCompile Include="Collider\Collider.cpp">
      <Filter>ソース ファイル</Filter>
    </ClCompile>
    <ClCompile Include="Character\Character.cpp">
      <Filter>ソース ファイル</Filter>
    </ClCompile>
    <ClCompile Include="Character\Player\Player.cpp">
      <Filter>ソース ファイル</Filter>
    </ClCompile>
    <ClCompile Include="MapLevel\MapLevel.cpp">
      <Filter>ソース ファイル</Filter>
    </ClCompile>
    <ClCompile Include="MapLevel\Tree\Tree.cpp">
      <Filter>ソース ファイル</Filter>
    </ClCompile>
    <ClCompile Include="MapLevel\Map\Map.cpp">
      <Filter>ソース ファイル</Filter>
    </ClCompile>
    <ClCompile Include="Character\Wolf\Wolf.cpp">
      <Filter>ソース ファイル</Filter>
    </ClCompile>
    <ClCompile Include="Character\Cow\Cow.cpp">
      <Filter>ソース ファイル</Filter>
    </ClCompile>
  </ItemGroup>
  <ItemGroup>
    <FxCompile Include="resource\ShadaFile\PostProsess\PostEffectPS.hlsl" />
    <FxCompile Include="resource\ShadaFile\PostProsess\PostEffectVS.hlsl" />
    <FxCompile Include="resource\ShadaFile\PostProsess\PostProsessGS.hlsl" />
    <FxCompile Include="resource\ShadaFile\PostProsess\PostProsessPS.hlsl" />
    <FxCompile Include="resource\ShadaFile\PostProsess\PostProsessVS.hlsl" />
    <FxCompile Include="resource\ShadaFile\GS\DRGeometryShader.hlsl" />
    <FxCompile Include="resource\ShadaFile\Gbuffer\DRCMapPixelShader.hlsl" />
    <FxCompile Include="resource\ShadaFile\Gbuffer\DRCMapVertexShader.hlsl" />
    <FxCompile Include="resource\ShadaFile\Gbuffer\GbufferPixelShader.hlsl" />
    <FxCompile Include="resource\ShadaFile\Gbuffer\GbufferVertexShader.hlsl" />
    <FxCompile Include="resource\ShadaFile\Foward\FowardVS.hlsl" />
    <FxCompile Include="resource\ShadaFile\Foward\FowardPS.hlsl" />
    <FxCompile Include="resource\ShadaFile\DeferredShading\ShadingVS.hlsl" />
    <FxCompile Include="resource\ShadaFile\DeferredShading\DeferredShadingGS.hlsl" />
    <FxCompile Include="resource\ShadaFile\DeferredShading\DeferredShadingPS.hlsl" />
    <FxCompile Include="resource\ShadaFile\DeferredShading\DeferredShadingVS.hlsl" />
    <FxCompile Include="resource\ShadaFile\DeferredShading\ShadingPS.hlsl" />
    <FxCompile Include="resource\ShadaFile\CS\TestComputeShader.hlsl" />
  </ItemGroup>
  <ItemGroup>
    <None Include="resource\ShadaFile\MixedHeader.hlsli" />
    <None Include="packages.config" />
  </ItemGroup>
</Project>